
Microsoft Visual Studio Solution File, Format Version 12.00
# Visual Studio Version 17
VisualStudioVersion = 17.3.32929.385
MinimumVisualStudioVersion = 10.0.40219.1
Project("{9A19103F-16F7-4668-BE54-9A1E7A4F7556}") = "SP.Visualizer.Monitor.Wpf", "SP.Visualizer.Monitor\SP.Visualizer.Monitor.Wpf.csproj", "{7EB911F6-4D98-452D-9E51-9F2402D8FA1F}"
EndProject
Project("{9A19103F-16F7-4668-BE54-9A1E7A4F7556}") = "SP.Visualizer.Monitor.Worker", "SP.Visualizer.Monitor.Worker\SP.Visualizer.Monitor.Worker.csproj", "{D85474AC-F539-4B07-86C7-E8F2EE71C422}"
EndProject
Project("{9A19103F-16F7-4668-BE54-9A1E7A4F7556}") = "SP.Visualizer.Monitor.Comuns", "SP.Visualizer.Monitor.Comuns\SP.Visualizer.Monitor.Comuns.csproj", "{55B3B7E5-6CF4-4C07-8FF4-44D188A5D34F}"
EndProject
Project("{9A19103F-16F7-4668-BE54-9A1E7A4F7556}") = "SP.Visualizer.Monitor.Dal", "SP.Visualizer.Monitor.Dal\SP.Visualizer.Monitor.Dal.csproj", "{7B2C801D-FCD4-4F94-85FB-E929F1463D84}"
EndProject
Project("{FAE04EC0-301F-11D3-BF4B-00C04F79EFBC}") = "SP.Visualizer.Conector", "SP.Visualizer.Conector\SP.Visualizer.Conector.csproj", "{7CCD5FD3-78D1-485A-B5BA-9F1022AF5D2C}"
EndProject
Global
	GlobalSection(SolutionConfigurationPlatforms) = preSolution
		Debug|Any CPU = Debug|Any CPU
		Release|Any CPU = Release|Any CPU
	EndGlobalSection
	GlobalSection(ProjectConfigurationPlatforms) = postSolution
		{7EB911F6-4D98-452D-9E51-9F2402D8FA1F}.Debug|Any CPU.ActiveCfg = Debug|Any CPU
		{7EB911F6-4D98-452D-9E51-9F2402D8FA1F}.Debug|Any CPU.Build.0 = Debug|Any CPU
		{7EB911F6-4D98-452D-9E51-9F2402D8FA1F}.Release|Any CPU.ActiveCfg = Release|Any CPU
		{7EB911F6-4D98-452D-9E51-9F2402D8FA1F}.Release|Any CPU.Build.0 = Release|Any CPU
		{D85474AC-F539-4B07-86C7-E8F2EE71C422}.Debug|Any CPU.ActiveCfg = Debug|Any CPU
		{D85474AC-F539-4B07-86C7-E8F2EE71C422}.Debug|Any CPU.Build.0 = Debug|Any CPU
		{D85474AC-F539-4B07-86C7-E8F2EE71C422}.Release|Any CPU.ActiveCfg = Release|Any CPU
		{D85474AC-F539-4B07-86C7-E8F2EE71C422}.Release|Any CPU.Build.0 = Release|Any CPU
		{55B3B7E5-6CF4-4C07-8FF4-44D188A5D34F}.Debug|Any CPU.ActiveCfg = Debug|Any CPU
		{55B3B7E5-6CF4-4C07-8FF4-44D188A5D34F}.Debug|Any CPU.Build.0 = Debug|Any CPU
		{55B3B7E5-6CF4-4C07-8FF4-44D188A5D34F}.Release|Any CPU.ActiveCfg = Release|Any CPU
		{55B3B7E5-6CF4-4C07-8FF4-44D188A5D34F}.Release|Any CPU.Build.0 = Release|Any CPU
		{7B2C801D-FCD4-4F94-85FB-E929F1463D84}.Debug|Any CPU.ActiveCfg = Debug|Any CPU
		{7B2C801D-FCD4-4F94-85FB-E929F1463D84}.Debug|Any CPU.Build.0 = Debug|Any CPU
		{7B2C801D-FCD4-4F94-85FB-E929F1463D84}.Release|Any CPU.ActiveCfg = Release|Any CPU
		{7B2C801D-FCD4-4F94-85FB-E929F1463D84}.Release|Any CPU.Build.0 = Release|Any CPU
		{7CCD5FD3-78D1-485A-B5BA-9F1022AF5D2C}.Debug|Any CPU.ActiveCfg = Debug|Any CPU
		{7CCD5FD3-78D1-485A-B5BA-9F1022AF5D2C}.Debug|Any CPU.Build.0 = Debug|Any CPU
		{7CCD5FD3-78D1-485A-B5BA-9F1022AF5D2C}.Release|Any CPU.ActiveCfg = Release|Any CPU
		{7CCD5FD3-78D1-485A-B5BA-9F1022AF5D2C}.Release|Any CPU.Build.0 = Release|Any CPU
	EndGlobalSection
	GlobalSection(SolutionProperties) = preSolution
		HideSolutionNode = FALSE
	EndGlobalSection
	GlobalSection(ExtensibilityGlobals) = postSolution
		SolutionGuid = {83E8A041-E377-42E1-BA9A-2A0002A4D645}
	EndGlobalSection
EndGlobal
